// !$*UTF8*$!
{
	archiveVersion = 1;
	classes = {
	};
	objectVersion = 48;
	objects = {

/* Begin PBXBuildFile section */
		993CBB3E2034EF0B0009A2C5 /* AppDelegate.swift in Sources */ = {isa = PBXBuildFile; fileRef = 993CBB3D2034EF0B0009A2C5 /* AppDelegate.swift */; };
		993CBB402034EF0B0009A2C5 /* ChoiceViewController.swift in Sources */ = {isa = PBXBuildFile; fileRef = 993CBB3F2034EF0B0009A2C5 /* ChoiceViewController.swift */; };
		993CBB432034EF0B0009A2C5 /* Main.storyboard in Resources */ = {isa = PBXBuildFile; fileRef = 993CBB412034EF0B0009A2C5 /* Main.storyboard */; };
		993CBB452034EF0B0009A2C5 /* Assets.xcassets in Resources */ = {isa = PBXBuildFile; fileRef = 993CBB442034EF0B0009A2C5 /* Assets.xcassets */; };
		993CBB482034EF0B0009A2C5 /* LaunchScreen.storyboard in Resources */ = {isa = PBXBuildFile; fileRef = 993CBB462034EF0B0009A2C5 /* LaunchScreen.storyboard */; };
		993CBB522035035E0009A2C5 /* ResultsViewController.swift in Sources */ = {isa = PBXBuildFile; fileRef = 993CBB512035035E0009A2C5 /* ResultsViewController.swift */; };
/* End PBXBuildFile section */

/* Begin PBXFileReference section */
		993CBB3A2034EF0B0009A2C5 /* Roshambo game.app */ = {isa = PBXFileReference; explicitFileType = wrapper.application; includeInIndex = 0; path = "Roshambo game.app"; sourceTree = BUILT_PRODUCTS_DIR; };
		993CBB3D2034EF0B0009A2C5 /* AppDelegate.swift */ = {isa = PBXFileReference; lastKnownFileType = sourcecode.swift; path = AppDelegate.swift; sourceTree = "<group>"; };
		993CBB3F2034EF0B0009A2C5 /* ChoiceViewController.swift */ = {isa = PBXFileReference; lastKnownFileType = sourcecode.swift; path = ChoiceViewController.swift; sourceTree = "<group>"; };
		993CBB422034EF0B0009A2C5 /* Base */ = {isa = PBXFileReference; lastKnownFileType = file.storyboard; name = Base; path = Base.lproj/Main.storyboard; sourceTree = "<group>"; };
		993CBB442034EF0B0009A2C5 /* Assets.xcassets */ = {isa = PBXFileReference; lastKnownFileType = folder.assetcatalog; path = Assets.xcassets; sourceTree = "<group>"; };
		993CBB472034EF0B0009A2C5 /* Base */ = {isa = PBXFileReference; lastKnownFileType = file.storyboard; name = Base; path = Base.lproj/LaunchScreen.storyboard; sourceTree = "<group>"; };
		993CBB492034EF0B0009A2C5 /* Info.plist */ = {isa = PBXFileReference; lastKnownFileType = text.plist.xml; path = Info.plist; sourceTree = "<group>"; };
		993CBB512035035E0009A2C5 /* ResultsViewController.swift */ = {isa = PBXFileReference; lastKnownFileType = sourcecode.swift; path = ResultsViewController.swift; sourceTree = "<group>"; };
/* End PBXFileReference section */

/* Begin PBXFrameworksBuildPhase section */
		993CBB372034EF0B0009A2C5 /* Frameworks */ = {
			isa = PBXFrameworksBuildPhase;
			buildActionMask = 2147483647;
			files = (
			);
			runOnlyForDeploymentPostprocessing = 0;
		};
/* End PBXFrameworksBuildPhase section */

/* Begin PBXGroup section */
		993CBB312034EF0B0009A2C5 = {
			isa = PBXGroup;
			children = (
				993CBB3C2034EF0B0009A2C5 /* Roshambo game */,
				993CBB3B2034EF0B0009A2C5 /* Products */,
			);
			sourceTree = "<group>";
		};
		993CBB3B2034EF0B0009A2C5 /* Products */ = {
			isa = PBXGroup;
			children = (
				993CBB3A2034EF0B0009A2C5 /* Roshambo game.app */,
			);
			name = Products;
			sourceTree = "<group>";
		};
		993CBB3C2034EF0B0009A2C5 /* Roshambo game */ = {
			isa = PBXGroup;
			children = (
				993CBB3D2034EF0B0009A2C5 /* AppDelegate.swift */,
				993CBB3F2034EF0B0009A2C5 /* ChoiceViewController.swift */,
				993CBB512035035E0009A2C5 /* ResultsViewController.swift */,
				993CBB412034EF0B0009A2C5 /* Main.storyboard */,
				993CBB442034EF0B0009A2C5 /* Assets.xcassets */,
				993CBB462034EF0B0009A2C5 /* LaunchScreen.storyboard */,
				993CBB492034EF0B0009A2C5 /* Info.plist */,
			);
			path = "Roshambo game";
			sourceTree = "<group>";
		};
/* End PBXGroup section */

/* Begin PBXNativeTarget section */
		993CBB392034EF0B0009A2C5 /* Roshambo game */ = {
			isa = PBXNativeTarget;
			buildConfigurationList = 993CBB4C2034EF0B0009A2C5 /* Build configuration list for PBXNativeTarget "Roshambo game" */;
			buildPhases = (
				993CBB362034EF0B0009A2C5 /* Sources */,
				993CBB372034EF0B0009A2C5 /* Frameworks */,
				993CBB382034EF0B0009A2C5 /* Resources */,
			);
			buildRules = (
			);
			dependencies = (
			);
			name = "Roshambo game";
			productName = "Roshambo game";
			productReference = 993CBB3A2034EF0B0009A2C5 /* Roshambo game.app */;
			productType = "com.apple.product-type.application";
		};
/* End PBXNativeTarget section */

/* Begin PBXProject section */
		993CBB322034EF0B0009A2C5 /* Project object */ = {
			isa = PBXProject;
			attributes = {
				LastSwiftUpdateCheck = 0920;
				LastUpgradeCheck = 0920;
				ORGANIZATIONNAME = udacity;
				TargetAttributes = {
					993CBB392034EF0B0009A2C5 = {
						CreatedOnToolsVersion = 9.2;
						ProvisioningStyle = Automatic;
					};
				};
			};
			buildConfigurationList = 993CBB352034EF0B0009A2C5 /* Build configuration list for PBXProject "Roshambo game" */;
			compatibilityVersion = "Xcode 8.0";
			developmentRegion = en;
			hasScannedForEncodings = 0;
			knownRegions = (
				en,
				Base,
			);
			mainGroup = 993CBB312034EF0B0009A2C5;
			productRefGroup = 993CBB3B2034EF0B0009A2C5 /* Products */;
			projectDirPath = "";
			projectRoot = "";
			targets = (
				993CBB392034EF0B0009A2C5 /* Roshambo game */,
			);
		};
/* End PBXProject section */

/* Begin PBXResourcesBuildPhase section */
		993CBB382034EF0B0009A2C5 /* Resources */ = {
			isa = PBXResourcesBuildPhase;
			buildActionMask = 2147483647;
			files = (
				993CBB482034EF0B0009A2C5 /* LaunchScreen.storyboard in Resources */,
				993CBB452034EF0B0009A2C5 /* Assets.xcassets in Resources */,
				993CBB432034EF0B0009A2C5 /* Main.storyboard in Resources */,
			);
			runOnlyForDeploymentPostprocessing = 0;
		};
/* End PBXResourcesBuildPhase section */

/* Begin PBXSourcesBuildPhase section */
		993CBB362034EF0B0009A2C5 /* Sources */ = {
			isa = PBXSourcesBuildPhase;
			buildActionMask = 2147483647;
			files = (
				993CBB402034EF0B0009A2C5 /* ChoiceViewController.swift in Sources */,
				993CBB3E2034EF0B0009A2C5 /* AppDelegate.swift in Sources */,
				993CBB522035035E0009A2C5 /* ResultsViewController.swift in Sources */,
			);
			runOnlyForDeploymentPostprocessing = 0;
		};
/* End PBXSourcesBuildPhase section */

/* Begin PBXVariantGroup section */
		993CBB412034EF0B0009A2C5 /* Main.storyboard */ = {
			isa = PBXVariantGroup;
			children = (
				993CBB422034EF0B0009A2C5 /* Base */,
			);
			name = Main.storyboard;
			sourceTree = "<group>";
		};
		993CBB462034EF0B0009A2C5 /* LaunchScreen.storyboard */ = {
			isa = PBXVariantGroup;
			children = (
				993CBB472034EF0B0009A2C5 /* Base */,
			);
			name = LaunchScreen.storyboard;
			sourceTree = "<group>";
		};
/* End PBXVariantGroup section */

/* Begin XCBuildConfiguration section */
		993CBB4A2034EF0B0009A2C5 /* Debug */ = {
			isa = XCBuildConfiguration;
			buildSettings = {
				ALWAYS_SEARCH_USER_PATHS = NO;
				CLANG_ANALYZER_NONNULL = YES;
				CLANG_ANALYZER_NUMBER_OBJECT_CONVERSION = YES_AGGRESSIVE;
				CLANG_CXX_LANGUAGE_STANDARD = "gnu++14";
				CLANG_CXX_LIBRARY = "libc++";
				CLANG_ENABLE_MODULES = YES;
				CLANG_ENABLE_OBJC_ARC = YES;
				CLANG_WARN_BLOCK_CAPTURE_AUTORELEASING = YES;
				CLANG_WARN_BOOL_CONVERSION = YES;
				CLANG_WARN_COMMA = YES;
				CLANG_WARN_CONSTANT_CONVERSION = YES;
				CLANG_WARN_DIRECT_OBJC_ISA_USAGE = YES_ERROR;
				CLANG_WARN_DOCUMENTATION_COMMENTS = YES;
				CLANG_WARN_EMPTY_BODY = YES;
				CLANG_WARN_ENUM_CONVERSION = YES;
				CLANG_WARN_INFINITE_RECURSION = YES;
				CLANG_WARN_INT_CONVERSION = YES;
				CLANG_WARN_NON_LITERAL_NULL_CONVERSION = YES;
				CLANG_WARN_OBJC_LITERAL_CONVERSION = YES;
				CLANG_WARN_OBJC_ROOT_CLASS = YES_ERROR;
				CLANG_WARN_RANGE_LOOP_ANALYSIS = YES;
				CLANG_WARN_STRICT_PROTOTYPES = YES;
				CLANG_WARN_SUSPICIOUS_MOVE = YES;
				CLANG_WARN_UNGUARDED_AVAILABILITY = YES_AGGRESSIVE;
				CLANG_WARN_UNREACHABLE_CODE = YES;
				CLANG_WARN__DUPLICATE_METHOD_MATCH = YES;
				CODE_SIGN_IDENTITY = "iPhone Developer";
				COPY_PHASE_STRIP = NO;
				DEBUG_INFORMATION_FORMAT = dwarf;
				ENABLE_STRICT_OBJC_MSGSEND = YES;
				ENABLE_TESTABILITY = YES;
				GCC_C_LANGUAGE_STANDARD = gnu11;
				GCC_DYNAMIC_NO_PIC = NO;
				GCC_NO_COMMON_BLOCKS = YES;
				GCC_OPTIMIZATION_LEVEL = 0;
				GCC_PREPROCESSOR_DEFINITIONS = (
					"DEBUG=1",
					"$(inherited)",
				);
				GCC_WARN_64_TO_32_BIT_CONVERSION = YES;
				GCC_WARN_ABOUT_RETURN_TYPE = YES_ERROR;
				GCC_WARN_UNDECLARED_SELECTOR = YES;
				GCC_WARN_UNINITIALIZED_AUTOS = YES_AGGRESSIVE;
				GCC_WARN_UNUSED_FUNCTION = YES;
				GCC_WARN_UNUSED_VARIABLE = YES;
				IPHONEOS_DEPLOYMENT_TARGET = 11.2;
				MTL_ENABLE_DEBUG_INFO = YES;
				ONLY_ACTIVE_ARCH = YES;
				SDKROOT = iphoneos;
				SWIFT_ACTIVE_COMPILATION_CONDITIONS = DEBUG;
				SWIFT_OPTIMIZATION_LEVEL = "-Onone";
			};
			name = Debug;
		};
		993CBB4B2034EF0B0009A2C5 /* Release */ = {
			isa = XCBuildConfiguration;
			buildSettings = {
				ALWAYS_SEARCH_USER_PATHS = NO;
				CLANG_ANALYZER_NONNULL = YES;
				CLANG_ANALYZER_NUMBER_OBJECT_CONVERSION = YES_AGGRESSIVE;
				CLANG_CXX_LANGUAGE_STANDARD = "gnu++14";
				CLANG_CXX_LIBRARY = "libc++";
				CLANG_ENABLE_MODULES = YES;
				CLANG_ENABLE_OBJC_ARC = YES;
				CLANG_WARN_BLOCK_CAPTURE_AUTORELEASING = YES;
				CLANG_WARN_BOOL_CONVERSION = YES;
				CLANG_WARN_COMMA = YES;
				CLANG_WARN_CONSTANT_CONVERSION = YES;
				CLANG_WARN_DIRECT_OBJC_ISA_USAGE = YES_ERROR;
				CLANG_WARN_DOCUMENTATION_COMMENTS = YES;
				CLANG_WARN_EMPTY_BODY = YES;
				CLANG_WARN_ENUM_CONVERSION = YES;
				CLANG_WARN_INFINITE_RECURSION = YES;
				CLANG_WARN_INT_CONVERSION = YES;
				CLANG_WARN_NON_LITERAL_NULL_CONVERSION = YES;
				CLANG_WARN_OBJC_LITERAL_CONVERSION = YES;
				CLANG_WARN_OBJC_ROOT_CLASS = YES_ERROR;
				CLANG_WARN_RANGE_LOOP_ANALYSIS = YES;
				CLANG_WARN_STRICT_PROTOTYPES = YES;
				CLANG_WARN_SUSPICIOUS_MOVE = YES;
				CLANG_WARN_UNGUARDED_AVAILABILITY = YES_AGGRESSIVE;
				CLANG_WARN_UNREACHABLE_CODE = YES;
				CLANG_WARN__DUPLICATE_METHOD_MATCH = YES;
				CODE_SIGN_IDENTITY = "iPhone Developer";
				COPY_PHASE_STRIP = NO;
				DEBUG_INFORMATION_FORMAT = "dwarf-with-dsym";
				ENABLE_NS_ASSERTIONS = NO;
				ENABLE_STRICT_OBJC_MSGSEND = YES;
				GCC_C_LANGUAGE_STANDARD = gnu11;
				GCC_NO_COMMON_BLOCKS = YES;
				GCC_WARN_64_TO_32_BIT_CONVERSION = YES;
				GCC_WARN_ABOUT_RETURN_TYPE = YES_ERROR;
				GCC_WARN_UNDECLARED_SELECTOR = YES;
				GCC_WARN_UNINITIALIZED_AUTOS = YES_AGGRESSIVE;
				GCC_WARN_UNUSED_FUNCTION = YES;
				GCC_WARN_UNUSED_VARIABLE = YES;
				IPHONEOS_DEPLOYMENT_TARGET = 11.2;
				MTL_ENABLE_DEBUG_INFO = NO;
				SDKROOT = iphoneos;
				SWIFT_OPTIMIZATION_LEVEL = "-Owholemodule";
				VALIDATE_PRODUCT = YES;
			};
			name = Release;
		};
		993CBB4D2034EF0B0009A2C5 /* Debug */ = {
			isa = XCBuildConfiguration;
			buildSettings = {
				ASSETCATALOG_COMPILER_APPICON_NAME = AppIcon;
				CODE_SIGN_STYLE = Automatic;
				DEVELOPMENT_TEAM = 2YDACHFN53;
				INFOPLIST_FILE = "Roshambo game/Info.plist";
				LD_RUNPATH_SEARCH_PATHS = "$(inherited) @executable_path/Frameworks";
				PRODUCT_BUNDLE_IDENTIFIER = "com.udacity.Roshambo-game";
				PRODUCT_NAME = "$(TARGET_NAME)";
				SWIFT_VERSION = 4.0;
				TARGETED_DEVICE_FAMILY = "1,2";
			};
			name = Debug;
		};
		993CBB4E2034EF0B0009A2C5 /* Release */ = {
			isa = XCBuildConfiguration;
			buildSettings = {
				ASSETCATALOG_COMPILER_APPICON_NAME = AppIcon;
				CODE_SIGN_STYLE = Automatic;
				DEVELOPMENT_TEAM = 2YDACHFN53;
				INFOPLIST_FILE = "Roshambo game/Info.plist";
				LD_RUNPATH_SEARCH_PATHS = "$(inherited) @executable_path/Frameworks";
				PRODUCT_BUNDLE_IDENTIFIER = "com.udacity.Roshambo-game";
				PRODUCT_NAME = "$(TARGET_NAME)";
				SWIFT_VERSION = 4.0;
				TARGETED_DEVICE_FAMILY = "1,2";
			};
			name = Release;
		};
/* End XCBuildConfiguration section */

/* Begin XCConfigurationList section */
		993CBB352034EF0B0009A2C5 /* Build configuration list for PBXProject "Roshambo game" */ = {
			isa = XCConfigurationList;
			buildConfigurations = (
				993CBB4A2034EF0B0009A2C5 /* Debug */,
				993CBB4B2034EF0B0009A2C5 /* Release */,
			);
			defaultConfigurationIsVisible = 0;
			defaultConfigurationName = Release;
		};
		993CBB4C2034EF0B0009A2C5 /* Build configuration list for PBXNativeTarget "Roshambo game" */ = {
			isa = XCConfigurationList;
			buildConfigurations = (
				993CBB4D2034EF0B0009A2C5 /* Debug */,
				993CBB4E2034EF0B0009A2C5 /* Release */,
			);
			defaultConfigurationIsVisible = 0;
			defaultConfigurationName = Release;
		};
/* End XCConfigurationList section */
	};
	rootObject = 993CBB322034EF0B0009A2C5 /* Project object */;
}
